
Microsoft Visual Studio Solution File, Format Version 12.00
# Visual Studio Version 17
VisualStudioVersion = 17.0.32112.339
MinimumVisualStudioVersion = 10.0.40219.1
Project("{FAE04EC0-301F-11D3-BF4B-00C04F79EFBC}") = "MessagingWithDatabase", "MessagingWithDatabase\MessagingWithDatabase.csproj", "{F3AC5E66-E024-43B2-AED3-269110F73FEA}"
EndProject
Global
	GlobalSection(SolutionConfigurationPlatforms) = preSolution
		Debug|Any CPU = Debug|Any CPU
		Release|Any CPU = Release|Any CPU
	EndGlobalSection
	GlobalSection(ProjectConfigurationPlatforms) = postSolution
		{F3AC5E66-E024-43B2-AED3-269110F73FEA}.Debug|Any CPU.ActiveCfg = Debug|Any CPU
		{F3AC5E66-E024-43B2-AED3-269110F73FEA}.Debug|Any CPU.Build.0 = Debug|Any CPU
		{F3AC5E66-E024-43B2-AED3-269110F73FEA}.Release|Any CPU.ActiveCfg = Release|Any CPU
		{F3AC5E66-E024-43B2-AED3-269110F73FEA}.Release|Any CPU.Build.0 = Release|Any CPU
	EndGlobalSection
	GlobalSection(SolutionProperties) = preSolution
		HideSolutionNode = FALSE
	EndGlobalSection
	GlobalSection(ExtensibilityGlobals) = postSolution
		SolutionGuid = {ACA8C177-378E-43ED-A0EC-BDB5E8916FD4}
	EndGlobalSection
EndGlobal
